
Microsoft Visual Studio Solution File, Format Version 12.00
# Visual Studio Version 16
VisualStudioVersion = 16.0.33214.272
MinimumVisualStudioVersion = 10.0.40219.1
Project("{8BC9CEB8-8B4A-11D0-8D11-00A0C91BC942}") = "remake_oto", "remake_oto.vcxproj", "{AF9A80B2-5891-404F-92CC-F7F3F3B5B03B}"
EndProject
Global
	GlobalSection(SolutionConfigurationPlatforms) = preSolution
		Debug|x64 = Debug|x64
		Debug|x86 = Debug|x86
		Release|x64 = Release|x64
		Release|x86 = Release|x86
	EndGlobalSection
	GlobalSection(ProjectConfigurationPlatforms) = postSolution
		{AF9A80B2-5891-404F-92CC-F7F3F3B5B03B}.Debug|x64.ActiveCfg = Debug|x64
		{AF9A80B2-5891-404F-92CC-F7F3F3B5B03B}.Debug|x64.Build.0 = Debug|x64
		{AF9A80B2-5891-404F-92CC-F7F3F3B5B03B}.Debug|x86.ActiveCfg = Debug|Win32
		{AF9A80B2-5891-404F-92CC-F7F3F3B5B03B}.Debug|x86.Build.0 = Debug|Win32
		{AF9A80B2-5891-404F-92CC-F7F3F3B5B03B}.Release|x64.ActiveCfg = Release|x64
		{AF9A80B2-5891-404F-92CC-F7F3F3B5B03B}.Release|x64.Build.0 = Release|x64
		{AF9A80B2-5891-404F-92CC-F7F3F3B5B03B}.Release|x86.ActiveCfg = Release|Win32
		{AF9A80B2-5891-404F-92CC-F7F3F3B5B03B}.Release|x86.Build.0 = Release|Win32
	EndGlobalSection
	GlobalSection(SolutionProperties) = preSolution
		HideSolutionNode = FALSE
	EndGlobalSection
	GlobalSection(ExtensibilityGlobals) = postSolution
		SolutionGuid = {66821399-D2C1-43E6-8B95-7A1FE8549DBE}
	EndGlobalSection
EndGlobal
